
Microsoft Visual Studio Solution File, Format Version 12.00
# Visual Studio Version 16
VisualStudioVersion = 16.0.32802.440
MinimumVisualStudioVersion = 10.0.40219.1
Project("{FAE04EC0-301F-11D3-BF4B-00C04F79EFBC}") = "TurismoRealWeb", "TurismoRealWeb\TurismoRealWeb.csproj", "{6347F56F-FD27-45AD-B3BB-31E3A25944AB}"
EndProject
Project("{FAE04EC0-301F-11D3-BF4B-00C04F79EFBC}") = "TurismoRealWeb.DAL", "TurismoRealWeb.DAL\TurismoRealWeb.DAL.csproj", "{1CA017CD-F5D1-4B31-8E45-1666FDD555B6}"
EndProject
Project("{FAE04EC0-301F-11D3-BF4B-00C04F79EFBC}") = "TurismoRealWeb.BLL", "TurismoRealWeb.BLL\TurismoRealWeb.BLL.csproj", "{F6056CD1-FBEA-4581-9DED-3D03B7EB6134}"
EndProject
Global
	GlobalSection(SolutionConfigurationPlatforms) = preSolution
		Debug|Any CPU = Debug|Any CPU
		Release|Any CPU = Release|Any CPU
	EndGlobalSection
	GlobalSection(ProjectConfigurationPlatforms) = postSolution
		{6347F56F-FD27-45AD-B3BB-31E3A25944AB}.Debug|Any CPU.ActiveCfg = Debug|Any CPU
		{6347F56F-FD27-45AD-B3BB-31E3A25944AB}.Debug|Any CPU.Build.0 = Debug|Any CPU
		{6347F56F-FD27-45AD-B3BB-31E3A25944AB}.Release|Any CPU.ActiveCfg = Release|Any CPU
		{6347F56F-FD27-45AD-B3BB-31E3A25944AB}.Release|Any CPU.Build.0 = Release|Any CPU
		{1CA017CD-F5D1-4B31-8E45-1666FDD555B6}.Debug|Any CPU.ActiveCfg = Debug|Any CPU
		{1CA017CD-F5D1-4B31-8E45-1666FDD555B6}.Debug|Any CPU.Build.0 = Debug|Any CPU
		{1CA017CD-F5D1-4B31-8E45-1666FDD555B6}.Release|Any CPU.ActiveCfg = Release|Any CPU
		{1CA017CD-F5D1-4B31-8E45-1666FDD555B6}.Release|Any CPU.Build.0 = Release|Any CPU
		{F6056CD1-FBEA-4581-9DED-3D03B7EB6134}.Debug|Any CPU.ActiveCfg = Debug|Any CPU
		{F6056CD1-FBEA-4581-9DED-3D03B7EB6134}.Debug|Any CPU.Build.0 = Debug|Any CPU
		{F6056CD1-FBEA-4581-9DED-3D03B7EB6134}.Release|Any CPU.ActiveCfg = Release|Any CPU
		{F6056CD1-FBEA-4581-9DED-3D03B7EB6134}.Release|Any CPU.Build.0 = Release|Any CPU
	EndGlobalSection
	GlobalSection(SolutionProperties) = preSolution
		HideSolutionNode = FALSE
	EndGlobalSection
	GlobalSection(ExtensibilityGlobals) = postSolution
		SolutionGuid = {7A598EA8-BB6A-4032-9C47-85E00A0FFB7F}
	EndGlobalSection
EndGlobal
